// !$*UTF8*$!
{
	archiveVersion = 1;
	classes = {
	};
	objectVersion = 50;
	objects = {

/* Begin PBXBuildFile section */
		384A8D7AECDA84987FB694AC /* Pods_GooglePlacePickerFinalSample.framework in Frameworks */ = {isa = PBXBuildFile; fileRef = 85521DBDB972F5AD1133B7E4 /* Pods_GooglePlacePickerFinalSample.framework */; };
		9AF1143A21E5E4D000B60230 /* AppDelegate.swift in Sources */ = {isa = PBXBuildFile; fileRef = 9AF1143921E5E4D000B60230 /* AppDelegate.swift */; };
		9AF1143C21E5E4D000B60230 /* ViewController.swift in Sources */ = {isa = PBXBuildFile; fileRef = 9AF1143B21E5E4D000B60230 /* ViewController.swift */; };
		9AF1143F21E5E4D000B60230 /* Main.storyboard in Resources */ = {isa = PBXBuildFile; fileRef = 9AF1143D21E5E4D000B60230 /* Main.storyboard */; };
		9AF1144121E5E4E600B60230 /* Assets.xcassets in Resources */ = {isa = PBXBuildFile; fileRef = 9AF1144021E5E4E600B60230 /* Assets.xcassets */; };
		9AF1144421E5E4E600B60230 /* LaunchScreen.storyboard in Resources */ = {isa = PBXBuildFile; fileRef = 9AF1144221E5E4E600B60230 /* LaunchScreen.storyboard */; };
/* End PBXBuildFile section */

/* Begin PBXFileReference section */
		0DFB5E5A5BC00B97320D1A0C /* Pods-GooglePlacePickerFinalSample.debug.xcconfig */ = {isa = PBXFileReference; includeInIndex = 1; lastKnownFileType = text.xcconfig; name = "Pods-GooglePlacePickerFinalSample.debug.xcconfig"; path = "Pods/Target Support Files/Pods-GooglePlacePickerFinalSample/Pods-GooglePlacePickerFinalSample.debug.xcconfig"; sourceTree = "<group>"; };
		85521DBDB972F5AD1133B7E4 /* Pods_GooglePlacePickerFinalSample.framework */ = {isa = PBXFileReference; explicitFileType = wrapper.framework; includeInIndex = 0; path = Pods_GooglePlacePickerFinalSample.framework; sourceTree = BUILT_PRODUCTS_DIR; };
		9AF1143621E5E4D000B60230 /* GooglePlacePickerFinalSample.app */ = {isa = PBXFileReference; explicitFileType = wrapper.application; includeInIndex = 0; path = GooglePlacePickerFinalSample.app; sourceTree = BUILT_PRODUCTS_DIR; };
		9AF1143921E5E4D000B60230 /* AppDelegate.swift */ = {isa = PBXFileReference; lastKnownFileType = sourcecode.swift; path = AppDelegate.swift; sourceTree = "<group>"; };
		9AF1143B21E5E4D000B60230 /* ViewController.swift */ = {isa = PBXFileReference; lastKnownFileType = sourcecode.swift; path = ViewController.swift; sourceTree = "<group>"; };
		9AF1143E21E5E4D000B60230 /* Base */ = {isa = PBXFileReference; lastKnownFileType = file.storyboard; name = Base; path = Base.lproj/Main.storyboard; sourceTree = "<group>"; };
		9AF1144021E5E4E600B60230 /* Assets.xcassets */ = {isa = PBXFileReference; lastKnownFileType = folder.assetcatalog; path = Assets.xcassets; sourceTree = "<group>"; };
		9AF1144321E5E4E600B60230 /* Base */ = {isa = PBXFileReference; lastKnownFileType = file.storyboard; name = Base; path = Base.lproj/LaunchScreen.storyboard; sourceTree = "<group>"; };
		9AF1144521E5E4E600B60230 /* Info.plist */ = {isa = PBXFileReference; lastKnownFileType = text.plist.xml; path = Info.plist; sourceTree = "<group>"; };
		AF27E9C26F204B547016ADD9 /* Pods-GooglePlacePickerFinalSample.release.xcconfig */ = {isa = PBXFileReference; includeInIndex = 1; lastKnownFileType = text.xcconfig; name = "Pods-GooglePlacePickerFinalSample.release.xcconfig"; path = "Pods/Target Support Files/Pods-GooglePlacePickerFinalSample/Pods-GooglePlacePickerFinalSample.release.xcconfig"; sourceTree = "<group>"; };
/* End PBXFileReference section */

/* Begin PBXFrameworksBuildPhase section */
		9AF1143321E5E4D000B60230 /* Frameworks */ = {
			isa = PBXFrameworksBuildPhase;
			buildActionMask = 2147483647;
			files = (
				384A8D7AECDA84987FB694AC /* Pods_GooglePlacePickerFinalSample.framework in Frameworks */,
			);
			runOnlyForDeploymentPostprocessing = 0;
		};
/* End PBXFrameworksBuildPhase section */

/* Begin PBXGroup section */
		87017458E4A104755559F883 /* Frameworks */ = {
			isa = PBXGroup;
			children = (
				85521DBDB972F5AD1133B7E4 /* Pods_GooglePlacePickerFinalSample.framework */,
			);
			name = Frameworks;
			sourceTree = "<group>";
		};
		9750848ECAC219739D0B7777 /* Pods */ = {
			isa = PBXGroup;
			children = (
				0DFB5E5A5BC00B97320D1A0C /* Pods-GooglePlacePickerFinalSample.debug.xcconfig */,
				AF27E9C26F204B547016ADD9 /* Pods-GooglePlacePickerFinalSample.release.xcconfig */,
			);
			name = Pods;
			sourceTree = "<group>";
		};
		9AF1142D21E5E4D000B60230 = {
			isa = PBXGroup;
			children = (
				9AF1143821E5E4D000B60230 /* GooglePlacePickerFinalSample */,
				9AF1143721E5E4D000B60230 /* Products */,
				9750848ECAC219739D0B7777 /* Pods */,
				87017458E4A104755559F883 /* Frameworks */,
			);
			sourceTree = "<group>";
		};
		9AF1143721E5E4D000B60230 /* Products */ = {
			isa = PBXGroup;
			children = (
				9AF1143621E5E4D000B60230 /* GooglePlacePickerFinalSample.app */,
			);
			name = Products;
			sourceTree = "<group>";
		};
		9AF1143821E5E4D000B60230 /* GooglePlacePickerFinalSample */ = {
			isa = PBXGroup;
			children = (
				9AF1143921E5E4D000B60230 /* AppDelegate.swift */,
				9AF1143B21E5E4D000B60230 /* ViewController.swift */,
				9AF1143D21E5E4D000B60230 /* Main.storyboard */,
				9AF1144021E5E4E600B60230 /* Assets.xcassets */,
				9AF1144221E5E4E600B60230 /* LaunchScreen.storyboard */,
				9AF1144521E5E4E600B60230 /* Info.plist */,
			);
			path = GooglePlacePickerFinalSample;
			sourceTree = "<group>";
		};
/* End PBXGroup section */

/* Begin PBXNativeTarget section */
		9AF1143521E5E4D000B60230 /* GooglePlacePickerFinalSample */ = {
			isa = PBXNativeTarget;
			buildConfigurationList = 9AF1144821E5E4E600B60230 /* Build configuration list for PBXNativeTarget "GooglePlacePickerFinalSample" */;
			buildPhases = (
				F1824AD7192B96656767E76B /* [CP] Check Pods Manifest.lock */,
				9AF1143221E5E4D000B60230 /* Sources */,
				9AF1143321E5E4D000B60230 /* Frameworks */,
				9AF1143421E5E4D000B60230 /* Resources */,
				24296EB74BCEF65A2471E961 /* [CP] Copy Pods Resources */,
			);
			buildRules = (
			);
			dependencies = (
			);
			name = GooglePlacePickerFinalSample;
			productName = GooglePlacePickerFinalSample;
			productReference = 9AF1143621E5E4D000B60230 /* GooglePlacePickerFinalSample.app */;
			productType = "com.apple.product-type.application";
		};
/* End PBXNativeTarget section */

/* Begin PBXProject section */
		9AF1142E21E5E4D000B60230 /* Project object */ = {
			isa = PBXProject;
			attributes = {
				LastSwiftUpdateCheck = 1000;
				LastUpgradeCheck = 1000;
				ORGANIZATIONNAME = Immanent;
				TargetAttributes = {
					9AF1143521E5E4D000B60230 = {
						CreatedOnToolsVersion = 10.0;
					};
				};
			};
			buildConfigurationList = 9AF1143121E5E4D000B60230 /* Build configuration list for PBXProject "GooglePlacePickerFinalSample" */;
			compatibilityVersion = "Xcode 9.3";
			developmentRegion = en;
			hasScannedForEncodings = 0;
			knownRegions = (
				en,
				Base,
			);
			mainGroup = 9AF1142D21E5E4D000B60230;
			productRefGroup = 9AF1143721E5E4D000B60230 /* Products */;
			projectDirPath = "";
			projectRoot = "";
			targets = (
				9AF1143521E5E4D000B60230 /* GooglePlacePickerFinalSample */,
			);
		};
/* End PBXProject section */

/* Begin PBXResourcesBuildPhase section */
		9AF1143421E5E4D000B60230 /* Resources */ = {
			isa = PBXResourcesBuildPhase;
			buildActionMask = 2147483647;
			files = (
				9AF1144421E5E4E600B60230 /* LaunchScreen.storyboard in Resources */,
				9AF1144121E5E4E600B60230 /* Assets.xcassets in Resources */,
				9AF1143F21E5E4D000B60230 /* Main.storyboard in Resources */,
			);
			runOnlyForDeploymentPostprocessing = 0;
		};
/* End PBXResourcesBuildPhase section */

/* Begin PBXShellScriptBuildPhase section */
		24296EB74BCEF65A2471E961 /* [CP] Copy Pods Resources */ = {
			isa = PBXShellScriptBuildPhase;
			buildActionMask = 2147483647;
			files = (
			);
			inputFileListPaths = (
			);
			inputPaths = (
				"${SRCROOT}/Pods/Target Support Files/Pods-GooglePlacePickerFinalSample/Pods-GooglePlacePickerFinalSample-resources.sh",
				"${PODS_ROOT}/GoogleMaps/Maps/Frameworks/GoogleMaps.framework/Resources/GoogleMaps.bundle",
				"${PODS_ROOT}/GooglePlacePicker/Frameworks/GooglePlacePicker.framework/Resources/GooglePlacePicker.bundle",
				"${PODS_ROOT}/GooglePlaces/Frameworks/GooglePlaces.framework/Resources/GooglePlaces.bundle",
			);
			name = "[CP] Copy Pods Resources";
			outputFileListPaths = (
			);
			outputPaths = (
				"${TARGET_BUILD_DIR}/${UNLOCALIZED_RESOURCES_FOLDER_PATH}/GoogleMaps.bundle",
				"${TARGET_BUILD_DIR}/${UNLOCALIZED_RESOURCES_FOLDER_PATH}/GooglePlacePicker.bundle",
				"${TARGET_BUILD_DIR}/${UNLOCALIZED_RESOURCES_FOLDER_PATH}/GooglePlaces.bundle",
			);
			runOnlyForDeploymentPostprocessing = 0;
			shellPath = /bin/sh;
			shellScript = "\"${SRCROOT}/Pods/Target Support Files/Pods-GooglePlacePickerFinalSample/Pods-GooglePlacePickerFinalSample-resources.sh\"\n";
			showEnvVarsInLog = 0;
		};
		F1824AD7192B96656767E76B /* [CP] Check Pods Manifest.lock */ = {
			isa = PBXShellScriptBuildPhase;
			buildActionMask = 2147483647;
			files = (
			);
			inputFileListPaths = (
			);
			inputPaths = (
				"${PODS_PODFILE_DIR_PATH}/Podfile.lock",
				"${PODS_ROOT}/Manifest.lock",
			);
			name = "[CP] Check Pods Manifest.lock";
			outputFileListPaths = (
			);
			outputPaths = (
				"$(DERIVED_FILE_DIR)/Pods-GooglePlacePickerFinalSample-checkManifestLockResult.txt",
			);
			runOnlyForDeploymentPostprocessing = 0;
			shellPath = /bin/sh;
			shellScript = "diff \"${PODS_PODFILE_DIR_PATH}/Podfile.lock\" \"${PODS_ROOT}/Manifest.lock\" > /dev/null\nif [ $? != 0 ] ; then\n    # print error to STDERR\n    echo \"error: The sandbox is not in sync with the Podfile.lock. Run 'pod install' or update your CocoaPods installation.\" >&2\n    exit 1\nfi\n# This output is used by Xcode 'outputs' to avoid re-running this script phase.\necho \"SUCCESS\" > \"${SCRIPT_OUTPUT_FILE_0}\"\n";
			showEnvVarsInLog = 0;
		};
/* End PBXShellScriptBuildPhase section */

/* Begin PBXSourcesBuildPhase section */
		9AF1143221E5E4D000B60230 /* Sources */ = {
			isa = PBXSourcesBuildPhase;
			buildActionMask = 2147483647;
			files = (
				9AF1143C21E5E4D000B60230 /* ViewController.swift in Sources */,
				9AF1143A21E5E4D000B60230 /* AppDelegate.swift in Sources */,
			);
			runOnlyForDeploymentPostprocessing = 0;
		};
/* End PBXSourcesBuildPhase section */

/* Begin PBXVariantGroup section */
		9AF1143D21E5E4D000B60230 /* Main.storyboard */ = {
			isa = PBXVariantGroup;
			children = (
				9AF1143E21E5E4D000B60230 /* Base */,
			);
			name = Main.storyboard;
			sourceTree = "<group>";
		};
		9AF1144221E5E4E600B60230 /* LaunchScreen.storyboard */ = {
			isa = PBXVariantGroup;
			children = (
				9AF1144321E5E4E600B60230 /* Base */,
			);
			name = LaunchScreen.storyboard;
			sourceTree = "<group>";
		};
/* End PBXVariantGroup section */

/* Begin XCBuildConfiguration section */
		9AF1144621E5E4E600B60230 /* Debug */ = {
			isa = XCBuildConfiguration;
			buildSettings = {
				ALWAYS_SEARCH_USER_PATHS = NO;
				CLANG_ANALYZER_NONNULL = YES;
				CLANG_ANALYZER_NUMBER_OBJECT_CONVERSION = YES_AGGRESSIVE;
				CLANG_CXX_LANGUAGE_STANDARD = "gnu++14";
				CLANG_CXX_LIBRARY = "libc++";
				CLANG_ENABLE_MODULES = YES;
				CLANG_ENABLE_OBJC_ARC = YES;
				CLANG_ENABLE_OBJC_WEAK = YES;
				CLANG_WARN_BLOCK_CAPTURE_AUTORELEASING = YES;
				CLANG_WARN_BOOL_CONVERSION = YES;
				CLANG_WARN_COMMA = YES;
				CLANG_WARN_CONSTANT_CONVERSION = YES;
				CLANG_WARN_DEPRECATED_OBJC_IMPLEMENTATIONS = YES;
				CLANG_WARN_DIRECT_OBJC_ISA_USAGE = YES_ERROR;
				CLANG_WARN_DOCUMENTATION_COMMENTS = YES;
				CLANG_WARN_EMPTY_BODY = YES;
				CLANG_WARN_ENUM_CONVERSION = YES;
				CLANG_WARN_INFINITE_RECURSION = YES;
				CLANG_WARN_INT_CONVERSION = YES;
				CLANG_WARN_NON_LITERAL_NULL_CONVERSION = YES;
				CLANG_WARN_OBJC_IMPLICIT_RETAIN_SELF = YES;
				CLANG_WARN_OBJC_LITERAL_CONVERSION = YES;
				CLANG_WARN_OBJC_ROOT_CLASS = YES_ERROR;
				CLANG_WARN_RANGE_LOOP_ANALYSIS = YES;
				CLANG_WARN_STRICT_PROTOTYPES = YES;
				CLANG_WARN_SUSPICIOUS_MOVE = YES;
				CLANG_WARN_UNGUARDED_AVAILABILITY = YES_AGGRESSIVE;
				CLANG_WARN_UNREACHABLE_CODE = YES;
				CLANG_WARN__DUPLICATE_METHOD_MATCH = YES;
				CODE_SIGN_IDENTITY = "iPhone Developer";
				COPY_PHASE_STRIP = NO;
				DEBUG_INFORMATION_FORMAT = dwarf;
				ENABLE_STRICT_OBJC_MSGSEND = YES;
				ENABLE_TESTABILITY = YES;
				GCC_C_LANGUAGE_STANDARD = gnu11;
				GCC_DYNAMIC_NO_PIC = NO;
				GCC_NO_COMMON_BLOCKS = YES;
				GCC_OPTIMIZATION_LEVEL = 0;
				GCC_PREPROCESSOR_DEFINITIONS = (
					"DEBUG=1",
					"$(inherited)",
				);
				GCC_WARN_64_TO_32_BIT_CONVERSION = YES;
				GCC_WARN_ABOUT_RETURN_TYPE = YES_ERROR;
				GCC_WARN_UNDECLARED_SELECTOR = YES;
				GCC_WARN_UNINITIALIZED_AUTOS = YES_AGGRESSIVE;
				GCC_WARN_UNUSED_FUNCTION = YES;
				GCC_WARN_UNUSED_VARIABLE = YES;
				IPHONEOS_DEPLOYMENT_TARGET = 12.0;
				MTL_ENABLE_DEBUG_INFO = INCLUDE_SOURCE;
				MTL_FAST_MATH = YES;
				ONLY_ACTIVE_ARCH = YES;
				SDKROOT = iphoneos;
				SWIFT_ACTIVE_COMPILATION_CONDITIONS = DEBUG;
				SWIFT_OPTIMIZATION_LEVEL = "-Onone";
			};
			name = Debug;
		};
		9AF1144721E5E4E600B60230 /* Release */ = {
			isa = XCBuildConfiguration;
			buildSettings = {
				ALWAYS_SEARCH_USER_PATHS = NO;
				CLANG_ANALYZER_NONNULL = YES;
				CLANG_ANALYZER_NUMBER_OBJECT_CONVERSION = YES_AGGRESSIVE;
				CLANG_CXX_LANGUAGE_STANDARD = "gnu++14";
				CLANG_CXX_LIBRARY = "libc++";
				CLANG_ENABLE_MODULES = YES;
				CLANG_ENABLE_OBJC_ARC = YES;
				CLANG_ENABLE_OBJC_WEAK = YES;
				CLANG_WARN_BLOCK_CAPTURE_AUTORELEASING = YES;
				CLANG_WARN_BOOL_CONVERSION = YES;
				CLANG_WARN_COMMA = YES;
				CLANG_WARN_CONSTANT_CONVERSION = YES;
				CLANG_WARN_DEPRECATED_OBJC_IMPLEMENTATIONS = YES;
				CLANG_WARN_DIRECT_OBJC_ISA_USAGE = YES_ERROR;
				CLANG_WARN_DOCUMENTATION_COMMENTS = YES;
				CLANG_WARN_EMPTY_BODY = YES;
				CLANG_WARN_ENUM_CONVERSION = YES;
				CLANG_WARN_INFINITE_RECURSION = YES;
				CLANG_WARN_INT_CONVERSION = YES;
				CLANG_WARN_NON_LITERAL_NULL_CONVERSION = YES;
				CLANG_WARN_OBJC_IMPLICIT_RETAIN_SELF = YES;
				CLANG_WARN_OBJC_LITERAL_CONVERSION = YES;
				CLANG_WARN_OBJC_ROOT_CLASS = YES_ERROR;
				CLANG_WARN_RANGE_LOOP_ANALYSIS = YES;
				CLANG_WARN_STRICT_PROTOTYPES = YES;
				CLANG_WARN_SUSPICIOUS_MOVE = YES;
				CLANG_WARN_UNGUARDED_AVAILABILITY = YES_AGGRESSIVE;
				CLANG_WARN_UNREACHABLE_CODE = YES;
				CLANG_WARN__DUPLICATE_METHOD_MATCH = YES;
				CODE_SIGN_IDENTITY = "iPhone Developer";
				COPY_PHASE_STRIP = NO;
				DEBUG_INFORMATION_FORMAT = "dwarf-with-dsym";
				ENABLE_NS_ASSERTIONS = NO;
				ENABLE_STRICT_OBJC_MSGSEND = YES;
				GCC_C_LANGUAGE_STANDARD = gnu11;
				GCC_NO_COMMON_BLOCKS = YES;
				GCC_WARN_64_TO_32_BIT_CONVERSION = YES;
				GCC_WARN_ABOUT_RETURN_TYPE = YES_ERROR;
				GCC_WARN_UNDECLARED_SELECTOR = YES;
				GCC_WARN_UNINITIALIZED_AUTOS = YES_AGGRESSIVE;
				GCC_WARN_UNUSED_FUNCTION = YES;
				GCC_WARN_UNUSED_VARIABLE = YES;
				IPHONEOS_DEPLOYMENT_TARGET = 12.0;
				MTL_ENABLE_DEBUG_INFO = NO;
				MTL_FAST_MATH = YES;
				SDKROOT = iphoneos;
				SWIFT_COMPILATION_MODE = wholemodule;
				SWIFT_OPTIMIZATION_LEVEL = "-O";
				VALIDATE_PRODUCT = YES;
			};
			name = Release;
		};
		9AF1144921E5E4E600B60230 /* Debug */ = {
			isa = XCBuildConfiguration;
			baseConfigurationReference = 0DFB5E5A5BC00B97320D1A0C /* Pods-GooglePlacePickerFinalSample.debug.xcconfig */;
			buildSettings = {
				ASSETCATALOG_COMPILER_APPICON_NAME = AppIcon;
				CODE_SIGN_STYLE = Automatic;
				INFOPLIST_FILE = GooglePlacePickerFinalSample/Info.plist;
				LD_RUNPATH_SEARCH_PATHS = (
					"$(inherited)",
					"@executable_path/Frameworks",
				);
				PRODUCT_BUNDLE_IDENTIFIER = com.app.GooglePlacePickerFinalSample;
				PRODUCT_NAME = "$(TARGET_NAME)";
				SWIFT_VERSION = 4.2;
				TARGETED_DEVICE_FAMILY = "1,2";
			};
			name = Debug;
		};
		9AF1144A21E5E4E600B60230 /* Release */ = {
			isa = XCBuildConfiguration;
			baseConfigurationReference = AF27E9C26F204B547016ADD9 /* Pods-GooglePlacePickerFinalSample.release.xcconfig */;
			buildSettings = {
				ASSETCATALOG_COMPILER_APPICON_NAME = AppIcon;
				CODE_SIGN_STYLE = Automatic;
				INFOPLIST_FILE = GooglePlacePickerFinalSample/Info.plist;
				LD_RUNPATH_SEARCH_PATHS = (
					"$(inherited)",
					"@executable_path/Frameworks",
				);
				PRODUCT_BUNDLE_IDENTIFIER = com.app.GooglePlacePickerFinalSample;
				PRODUCT_NAME = "$(TARGET_NAME)";
				SWIFT_VERSION = 4.2;
				TARGETED_DEVICE_FAMILY = "1,2";
			};
			name = Release;
		};
/* End XCBuildConfiguration section */

/* Begin XCConfigurationList section */
		9AF1143121E5E4D000B60230 /* Build configuration list for PBXProject "GooglePlacePickerFinalSample" */ = {
			isa = XCConfigurationList;
			buildConfigurations = (
				9AF1144621E5E4E600B60230 /* Debug */,
				9AF1144721E5E4E600B60230 /* Release */,
			);
			defaultConfigurationIsVisible = 0;
			defaultConfigurationName = Release;
		};
		9AF1144821E5E4E600B60230 /* Build configuration list for PBXNativeTarget "GooglePlacePickerFinalSample" */ = {
			isa = XCConfigurationList;
			buildConfigurations = (
				9AF1144921E5E4E600B60230 /* Debug */,
				9AF1144A21E5E4E600B60230 /* Release */,
			);
			defaultConfigurationIsVisible = 0;
			defaultConfigurationName = Release;
		};
/* End XCConfigurationList section */
	};
	rootObject = 9AF1142E21E5E4D000B60230 /* Project object */;
}
